// !$*UTF8*$!
{
	archiveVersion = 1;
	classes = {
	};
	objectVersion = 46;
	objects = {

/* Begin PBXAggregateTarget section */
		B065C007C8DAD32E2A4D8AA4 /* Qt Preprocess */ = {
			isa = PBXAggregateTarget;
			buildConfigurationList = 6CC3B5D2136C7CD6A5CF5A59 /* Build configuration list for PBXNativeTarget "XMLEditor" */;
			buildPhases = (
				5E618435888B9D49F8540165 /* Qt Qmake */,
				7EF0942E79C014DCEC8976BC /* Qt Preprocessors */,
			);
			dependencies = (
			);
			name = "Qt Preprocess";
			productName = "Qt Preprocess";
		};
/* End PBXAggregateTarget section */

/* Begin PBXBuildFile section */
		16D61A7BE6EAC7D18DE34E58 /* QtXml.framework in Link Binary With Libraries */ = {isa = PBXBuildFile; fileRef = 0B3C25170963FC3686C6B3A7 /* QtXml.framework */; };
		25450DB7D868083271ABED55 /* QtWidgets.framework in Link Binary With Libraries */ = {isa = PBXBuildFile; fileRef = 216827D014B70BBD74D71E0E /* QtWidgets.framework */; };
		2D367B399AA57F7319FEA1FA /* main.cpp in Compile Sources */ = {isa = PBXBuildFile; fileRef = 682A50D19E416195436708E4 /* main.cpp */; settings = {ATTRIBUTES = (); }; };
		49058BA94FC6A326618DB061 /* CMainWindow.cpp in Compile Sources */ = {isa = PBXBuildFile; fileRef = F26E6C92CE8B3CB4568546A5 /* CMainWindow.cpp */; settings = {ATTRIBUTES = (); }; };
		4E3CAED4FB5805A342258087 /* QtGui.framework in Link Binary With Libraries */ = {isa = PBXBuildFile; fileRef = 4936C5FC0EF6C5A862FDA934 /* QtGui.framework */; };
		626A71DAA3D899DFEC358778 /* moc_CMainWindow.cpp in Compile Sources */ = {isa = PBXBuildFile; fileRef = DCB612036D136E89ACC8CAC3 /* moc_CMainWindow.cpp */; settings = {ATTRIBUTES = (); }; };
		8771A8C96E9C391044035D99 /* OpenGL.framework in Link Binary With Libraries */ = {isa = PBXBuildFile; fileRef = D4B32C2222F82AC56BADEB21 /* OpenGL.framework */; };
		8EF3ACCA0396840C799875EB /* moc_CDailyWeatherView.cpp in Compile Sources */ = {isa = PBXBuildFile; fileRef = 2CF11537E6046E65834A3425 /* moc_CDailyWeatherView.cpp */; settings = {ATTRIBUTES = (); }; };
		B10B4D7298B5E160396E8E8B /* moc_CDailyWeatherModel.cpp in Compile Sources */ = {isa = PBXBuildFile; fileRef = 28D43F941E362B391F79A060 /* moc_CDailyWeatherModel.cpp */; settings = {ATTRIBUTES = (); }; };
		B3CF9240B62B94B17484ECCD /* CStation.cpp in Compile Sources */ = {isa = PBXBuildFile; fileRef = 393B5CE8D3BCE90CCBC751BD /* CStation.cpp */; settings = {ATTRIBUTES = (); }; };
		BB0C18E0BE3111577C6F6506 /* QtCore.framework in Link Binary With Libraries */ = {isa = PBXBuildFile; fileRef = 0A96879D098723A01097C93A /* QtCore.framework */; };
		C196F2D85DD169818853FAA2 /* CXMLParser.cpp in Compile Sources */ = {isa = PBXBuildFile; fileRef = 14BBBC027744E753CA279113 /* CXMLParser.cpp */; settings = {ATTRIBUTES = (); }; };
		D24685D280F516B05C24C44E /* CDailyWeatherModel.cpp in Compile Sources */ = {isa = PBXBuildFile; fileRef = 1C5D03CADA9C9046C7195AD7 /* CDailyWeatherModel.cpp */; settings = {ATTRIBUTES = (); }; };
		E45E51A644D5FC9F942ECE55 /* AGL.framework in Link Binary With Libraries */ = {isa = PBXBuildFile; fileRef = 8D9815BDB5BD9F90D2BC05C5 /* AGL.framework */; };
		E676D4EB4B6FBB7129C3C4E6 /* CDailyWeatherView.cpp in Compile Sources */ = {isa = PBXBuildFile; fileRef = EF7F7B14F54C2AFB002DD38C /* CDailyWeatherView.cpp */; settings = {ATTRIBUTES = (); }; };
/* End PBXBuildFile section */

/* Begin PBXContainerItemProxy section */
		56A5695119D04C2000C05E3D /* PBXContainerItemProxy */ = {
			isa = PBXContainerItemProxy;
			containerPortal = 6DB9C3763D02B1415CD9D565 /* Project object */;
			proxyType = 1;
			remoteGlobalIDString = B065C007C8DAD32E2A4D8AA4;
			remoteInfo = "Qt Preprocess";
		};
/* End PBXContainerItemProxy section */

/* Begin PBXFileReference section */
		0273BC0BE663C4DDFA96F768 /* qt_lib_core_private.pri */ = {isa = PBXFileReference; lastKnownFileType = file; name = qt_lib_core_private.pri; path = ../../../Qt5.3.2/5.3/clang_64/mkspecs/modules/qt_lib_core_private.pri; sourceTree = "<absolute>"; };
		08EAB63874638DF9A230CC12 /* qt_lib_xml.pri */ = {isa = PBXFileReference; lastKnownFileType = file; name = qt_lib_xml.pri; path = ../../../Qt5.3.2/5.3/clang_64/mkspecs/modules/qt_lib_xml.pri; sourceTree = "<absolute>"; };
		0A96879D098723A01097C93A /* QtCore.framework */ = {isa = PBXFileReference; lastKnownFileType = wrapper.framework; name = QtCore.framework; path = ../../../Qt5.3.2/5.3/clang_64/lib/QtCore.framework; sourceTree = "<absolute>"; };
		0B3C25170963FC3686C6B3A7 /* QtXml.framework */ = {isa = PBXFileReference; lastKnownFileType = wrapper.framework; name = QtXml.framework; path = ../../../Qt5.3.2/5.3/clang_64/lib/QtXml.framework; sourceTree = "<absolute>"; };
		0D283407C0930A5AED75C2C2 /* qt_lib_bluetooth.pri */ = {isa = PBXFileReference; lastKnownFileType = file; name = qt_lib_bluetooth.pri; path = ../../../Qt5.3.2/5.3/clang_64/mkspecs/modules/qt_lib_bluetooth.pri; sourceTree = "<absolute>"; };
		0D60B50BED0919FA00B5E82D /* qt_lib_qmldevtools_private.pri */ = {isa = PBXFileReference; lastKnownFileType = file; name = qt_lib_qmldevtools_private.pri; path = ../../../Qt5.3.2/5.3/clang_64/mkspecs/modules/qt_lib_qmldevtools_private.pri; sourceTree = "<absolute>"; };
		129C1B4C4AB39332A448AC46 /* qt_lib_testlib_private.pri */ = {isa = PBXFileReference; lastKnownFileType = file; name = qt_lib_testlib_private.pri; path = ../../../Qt5.3.2/5.3/clang_64/mkspecs/modules/qt_lib_testlib_private.pri; sourceTree = "<absolute>"; };
		13A39981C9BEB01A31FA84AF /* qt_lib_xml_private.pri */ = {isa = PBXFileReference; lastKnownFileType = file; name = qt_lib_xml_private.pri; path = ../../../Qt5.3.2/5.3/clang_64/mkspecs/modules/qt_lib_xml_private.pri; sourceTree = "<absolute>"; };
		1407EEECBE29485E7D904097 /* qt_lib_declarative.pri */ = {isa = PBXFileReference; lastKnownFileType = file; name = qt_lib_declarative.pri; path = ../../../Qt5.3.2/5.3/clang_64/mkspecs/modules/qt_lib_declarative.pri; sourceTree = "<absolute>"; };
		14BBBC027744E753CA279113 /* CXMLParser.cpp */ = {isa = PBXFileReference; lastKnownFileType = sourcecode.cpp.cpp; path = CXMLParser.cpp; sourceTree = "<absolute>"; };
		14C9776A4B2E34DB51106724 /* ui_mainwindow.h */ = {isa = PBXFileReference; lastKnownFileType = sourcecode.c.h; path = ui_mainwindow.h; sourceTree = "<absolute>"; };
		1790F14EBA0A3A1A695F0625 /* qt_lib_multimediawidgets_private.pri */ = {isa = PBXFileReference; lastKnownFileType = file; name = qt_lib_multimediawidgets_private.pri; path = ../../../Qt5.3.2/5.3/clang_64/mkspecs/modules/qt_lib_multimediawidgets_private.pri; sourceTree = "<absolute>"; };
		18B4E6CF757F5C3CDD54DDEC /* .qmake.stash */ = {isa = PBXFileReference; lastKnownFileType = file; name = .qmake.stash; path = ../../../.qmake.stash; sourceTree = "<absolute>"; };
		1B860945BB9CAC9ABE16CAB6 /* qt_lib_network.pri */ = {isa = PBXFileReference; lastKnownFileType = file; name = qt_lib_network.pri; path = ../../../Qt5.3.2/5.3/clang_64/mkspecs/modules/qt_lib_network.pri; sourceTree = "<absolute>"; };
		1C5D03CADA9C9046C7195AD7 /* CDailyWeatherModel.cpp */ = {isa = PBXFileReference; lastKnownFileType = sourcecode.cpp.cpp; path = CDailyWeatherModel.cpp; sourceTree = "<absolute>"; };
		1FD5668B51CCA0396ECB1F59 /* qt_lib_qmltest_private.pri */ = {isa = PBXFileReference; lastKnownFileType = file; name = qt_lib_qmltest_private.pri; path = ../../../Qt5.3.2/5.3/clang_64/mkspecs/modules/qt_lib_qmltest_private.pri; sourceTree = "<absolute>"; };
		216827D014B70BBD74D71E0E /* QtWidgets.framework */ = {isa = PBXFileReference; lastKnownFileType = wrapper.framework; name = QtWidgets.framework; path = ../../../Qt5.3.2/5.3/clang_64/lib/QtWidgets.framework; sourceTree = "<absolute>"; };
		217C1193EFBD435418AA24E3 /* XMLEditor.pro */ = {isa = PBXFileReference; lastKnownFileType = text; path = XMLEditor.pro; sourceTree = "<absolute>"; };
		23301A9E5C60D34CB2CAB72E /* qt_lib_positioning_private.pri */ = {isa = PBXFileReference; lastKnownFileType = file; name = qt_lib_positioning_private.pri; path = ../../../Qt5.3.2/5.3/clang_64/mkspecs/modules/qt_lib_positioning_private.pri; sourceTree = "<absolute>"; };
		243E2FA6AF1F4C9DD2985B73 /* qt_lib_uitools.pri */ = {isa = PBXFileReference; lastKnownFileType = file; name = qt_lib_uitools.pri; path = ../../../Qt5.3.2/5.3/clang_64/mkspecs/modules/qt_lib_uitools.pri; sourceTree = "<absolute>"; };
		24EA90706EA164C1A6717A34 /* qt_lib_help.pri */ = {isa = PBXFileReference; lastKnownFileType = file; name = qt_lib_help.pri; path = ../../../Qt5.3.2/5.3/clang_64/mkspecs/modules/qt_lib_help.pri; sourceTree = "<absolute>"; };
		2543E2847376E9ECBDB1C08E /* qt_lib_gui.pri */ = {isa = PBXFileReference; lastKnownFileType = file; name = qt_lib_gui.pri; path = ../../../Qt5.3.2/5.3/clang_64/mkspecs/modules/qt_lib_gui.pri; sourceTree = "<absolute>"; };
		25E02FD49BB69611209A5D2F /* clang-mac.conf */ = {isa = PBXFileReference; lastKnownFileType = file; name = "clang-mac.conf"; path = "../../../Qt5.3.2/5.3/clang_64/mkspecs/common/clang-mac.conf"; sourceTree = "<absolute>"; };
		27766751DB918F57B9DDF380 /* qt_lib_nfc_private.pri */ = {isa = PBXFileReference; lastKnownFileType = file; name = qt_lib_nfc_private.pri; path = ../../../Qt5.3.2/5.3/clang_64/mkspecs/modules/qt_lib_nfc_private.pri; sourceTree = "<absolute>"; };
		28D43F941E362B391F79A060 /* moc_CDailyWeatherModel.cpp */ = {isa = PBXFileReference; lastKnownFileType = sourcecode.cpp.cpp; name = moc_CDailyWeatherModel.cpp; path = /Users/westjour/Desktop/GUI_Repo/proj/moc_CDailyWeatherModel.cpp; sourceTree = "<absolute>"; };
		29D2079B2EDACDED2D8EFAFE /* qt_lib_quickwidgets.pri */ = {isa = PBXFileReference; lastKnownFileType = file; name = qt_lib_quickwidgets.pri; path = ../../../Qt5.3.2/5.3/clang_64/mkspecs/modules/qt_lib_quickwidgets.pri; sourceTree = "<absolute>"; };
		2CF11537E6046E65834A3425 /* moc_CDailyWeatherView.cpp */ = {isa = PBXFileReference; lastKnownFileType = sourcecode.cpp.cpp; name = moc_CDailyWeatherView.cpp; path = /Users/westjour/Desktop/GUI_Repo/proj/moc_CDailyWeatherView.cpp; sourceTree = "<absolute>"; };
		2D229BA967E5F58D5F81B9C5 /* shell-unix.conf */ = {isa = PBXFileReference; lastKnownFileType = file; name = "shell-unix.conf"; path = "../../../Qt5.3.2/5.3/clang_64/mkspecs/common/shell-unix.conf"; sourceTree = "<absolute>"; };
		2DBA70E336F777BF3C17A588 /* qt_lib_sensors.pri */ = {isa = PBXFileReference; lastKnownFileType = file; name = qt_lib_sensors.pri; path = ../../../Qt5.3.2/5.3/clang_64/mkspecs/modules/qt_lib_sensors.pri; sourceTree = "<absolute>"; };
		2E7F008A77D3B77327460D04 /* qt_lib_scripttools_private.pri */ = {isa = PBXFileReference; lastKnownFileType = file; name = qt_lib_scripttools_private.pri; path = ../../../Qt5.3.2/5.3/clang_64/mkspecs/modules/qt_lib_scripttools_private.pri; sourceTree = "<absolute>"; };
		30C529939504C5A92D9B4862 /* qt_lib_designercomponents_private.pri */ = {isa = PBXFileReference; lastKnownFileType = file; name = qt_lib_designercomponents_private.pri; path = ../../../Qt5.3.2/5.3/clang_64/mkspecs/modules/qt_lib_designercomponents_private.pri; sourceTree = "<absolute>"; };
		33FC3B17C9CCC0698D1699F2 /* qt_lib_websockets.pri */ = {isa = PBXFileReference; lastKnownFileType = file; name = qt_lib_websockets.pri; path = ../../../Qt5.3.2/5.3/clang_64/mkspecs/modules/qt_lib_websockets.pri; sourceTree = "<absolute>"; };
		354A03ABF4B89665F2E4D864 /* qt_lib_qml_private.pri */ = {isa = PBXFileReference; lastKnownFileType = file; name = qt_lib_qml_private.pri; path = ../../../Qt5.3.2/5.3/clang_64/mkspecs/modules/qt_lib_qml_private.pri; sourceTree = "<absolute>"; };
		356B8241C5D30EA5181C79C3 /* mac.conf */ = {isa = PBXFileReference; lastKnownFileType = file; name = mac.conf; path = ../../../Qt5.3.2/5.3/clang_64/mkspecs/common/mac.conf; sourceTree = "<absolute>"; };
		370AD8ED477E9C07B412D2B0 /* qt_lib_sensors_private.pri */ = {isa = PBXFileReference; lastKnownFileType = file; name = qt_lib_sensors_private.pri; path = ../../../Qt5.3.2/5.3/clang_64/mkspecs/modules/qt_lib_sensors_private.pri; sourceTree = "<absolute>"; };
		37BBEF775C693ADDD49563CD /* CStation.h */ = {isa = PBXFileReference; lastKnownFileType = sourcecode.c.h; path = CStation.h; sourceTree = "<absolute>"; };
		393B5CE8D3BCE90CCBC751BD /* CStation.cpp */ = {isa = PBXFileReference; lastKnownFileType = sourcecode.cpp.cpp; path = CStation.cpp; sourceTree = "<absolute>"; };
		3AAED81D9FCC81C6A80D1479 /* qt_lib_quick.pri */ = {isa = PBXFileReference; lastKnownFileType = file; name = qt_lib_quick.pri; path = ../../../Qt5.3.2/5.3/clang_64/mkspecs/modules/qt_lib_quick.pri; sourceTree = "<absolute>"; };
		3BB49AF2CB8A89961D3437DC /* qt_lib_websockets_private.pri */ = {isa = PBXFileReference; lastKnownFileType = file; name = qt_lib_websockets_private.pri; path = ../../../Qt5.3.2/5.3/clang_64/mkspecs/modules/qt_lib_websockets_private.pri; sourceTree = "<absolute>"; };
		3C318DE92A6BCE97D5724F2C /* qt_lib_core.pri */ = {isa = PBXFileReference; lastKnownFileType = file; name = qt_lib_core.pri; path = ../../../Qt5.3.2/5.3/clang_64/mkspecs/modules/qt_lib_core.pri; sourceTree = "<absolute>"; };
		3D45E68BBB6C3CBD122B345B /* qconfig.pri */ = {isa = PBXFileReference; lastKnownFileType = file; name = qconfig.pri; path = ../../../Qt5.3.2/5.3/clang_64/mkspecs/qconfig.pri; sourceTree = "<absolute>"; };
		46FBE41A8FB5C6D4A63C8E1C /* qt_lib_xmlpatterns.pri */ = {isa = PBXFileReference; lastKnownFileType = file; name = qt_lib_xmlpatterns.pri; path = ../../../Qt5.3.2/5.3/clang_64/mkspecs/modules/qt_lib_xmlpatterns.pri; sourceTree = "<absolute>"; };
		4936C5FC0EF6C5A862FDA934 /* QtGui.framework */ = {isa = PBXFileReference; lastKnownFileType = wrapper.framework; name = QtGui.framework; path = ../../../Qt5.3.2/5.3/clang_64/lib/QtGui.framework; sourceTree = "<absolute>"; };
		4D64EC62868BEDD2D525E9B5 /* qt_lib_quickparticles_private.pri */ = {isa = PBXFileReference; lastKnownFileType = file; name = qt_lib_quickparticles_private.pri; path = ../../../Qt5.3.2/5.3/clang_64/mkspecs/modules/qt_lib_quickparticles_private.pri; sourceTree = "<absolute>"; };
		54F5F191E541811663808894 /* qt_lib_printsupport.pri */ = {isa = PBXFileReference; lastKnownFileType = file; name = qt_lib_printsupport.pri; path = ../../../Qt5.3.2/5.3/clang_64/mkspecs/modules/qt_lib_printsupport.pri; sourceTree = "<absolute>"; };
		56116E7719F1AAB500D06A85 /* CHourlyWeather.h */ = {isa = PBXFileReference; lastKnownFileType = sourcecode.c.h; path = CHourlyWeather.h; sourceTree = SOURCE_ROOT; };
		565F1AE0597D3BE3053751A3 /* unix.conf */ = {isa = PBXFileReference; lastKnownFileType = file; name = unix.conf; path = ../../../Qt5.3.2/5.3/clang_64/mkspecs/common/unix.conf; sourceTree = "<absolute>"; };
		56AAA5ABE4CCE1FC1BFB53E4 /* qt_lib_printsupport_private.pri */ = {isa = PBXFileReference; lastKnownFileType = file; name = qt_lib_printsupport_private.pri; path = ../../../Qt5.3.2/5.3/clang_64/mkspecs/modules/qt_lib_printsupport_private.pri; sourceTree = "<absolute>"; };
		59342C100B758CDE10A0EA4D /* mainwindow.ui */ = {isa = PBXFileReference; lastKnownFileType = file; path = mainwindow.ui; sourceTree = "<absolute>"; };
		5E36CD8A8B0E4C1EA2797640 /* qt_lib_network_private.pri */ = {isa = PBXFileReference; lastKnownFileType = file; name = qt_lib_network_private.pri; path = ../../../Qt5.3.2/5.3/clang_64/mkspecs/modules/qt_lib_network_private.pri; sourceTree = "<absolute>"; };
		6164E9817D25C55FA310A1C3 /* qt_lib_uitools_private.pri */ = {isa = PBXFileReference; lastKnownFileType = file; name = qt_lib_uitools_private.pri; path = ../../../Qt5.3.2/5.3/clang_64/mkspecs/modules/qt_lib_uitools_private.pri; sourceTree = "<absolute>"; };
		682A50D19E416195436708E4 /* main.cpp */ = {isa = PBXFileReference; lastKnownFileType = sourcecode.cpp.cpp; path = main.cpp; sourceTree = "<absolute>"; };
		6ABDF03CAA7815D90A0C809C /* gcc-base-mac.conf */ = {isa = PBXFileReference; lastKnownFileType = file; name = "gcc-base-mac.conf"; path = "../../../Qt5.3.2/5.3/clang_64/mkspecs/common/gcc-base-mac.conf"; sourceTree = "<absolute>"; };
		6C797E53906CB6174FB2F521 /* qt_lib_widgets_private.pri */ = {isa = PBXFileReference; lastKnownFileType = file; name = qt_lib_widgets_private.pri; path = ../../../Qt5.3.2/5.3/clang_64/mkspecs/modules/qt_lib_widgets_private.pri; sourceTree = "<absolute>"; };
		6F6732546A9F7BE1EB08AE4C /* qt_lib_bootstrap_private.pri */ = {isa = PBXFileReference; lastKnownFileType = file; name = qt_lib_bootstrap_private.pri; path = ../../../Qt5.3.2/5.3/clang_64/mkspecs/modules/qt_lib_bootstrap_private.pri; sourceTree = "<absolute>"; };
		6F8EEF199C8BC6C88F8241E5 /* qt_lib_xmlpatterns_private.pri */ = {isa = PBXFileReference; lastKnownFileType = file; name = qt_lib_xmlpatterns_private.pri; path = ../../../Qt5.3.2/5.3/clang_64/mkspecs/modules/qt_lib_xmlpatterns_private.pri; sourceTree = "<absolute>"; };
		710CC14E139B03A616ECC820 /* qmake.conf */ = {isa = PBXFileReference; lastKnownFileType = file; name = qmake.conf; path = "../../../Qt5.3.2/5.3/clang_64/mkspecs/macx-xcode/qmake.conf"; sourceTree = "<absolute>"; };
		723C10943373A4CD746D8321 /* qt_lib_multimedia.pri */ = {isa = PBXFileReference; lastKnownFileType = file; name = qt_lib_multimedia.pri; path = ../../../Qt5.3.2/5.3/clang_64/mkspecs/modules/qt_lib_multimedia.pri; sourceTree = "<absolute>"; };
		727C914CD45861FFC93FFE81 /* qt_lib_scripttools.pri */ = {isa = PBXFileReference; lastKnownFileType = file; name = qt_lib_scripttools.pri; path = ../../../Qt5.3.2/5.3/clang_64/mkspecs/modules/qt_lib_scripttools.pri; sourceTree = "<absolute>"; };
		736F516BF9FF271306D3AF51 /* qt_lib_openglextensions_private.pri */ = {isa = PBXFileReference; lastKnownFileType = file; name = qt_lib_openglextensions_private.pri; path = ../../../Qt5.3.2/5.3/clang_64/mkspecs/modules/qt_lib_openglextensions_private.pri; sourceTree = "<absolute>"; };
		76276C1A28F572A0CAAD9265 /* qt_lib_webkitwidgets.pri */ = {isa = PBXFileReference; lastKnownFileType = file; name = qt_lib_webkitwidgets.pri; path = ../../../Qt5.3.2/5.3/clang_64/mkspecs/modules/qt_lib_webkitwidgets.pri; sourceTree = "<absolute>"; };
		780FB54BE3FED56DF3869DD6 /* qt_lib_bluetooth_private.pri */ = {isa = PBXFileReference; lastKnownFileType = file; name = qt_lib_bluetooth_private.pri; path = ../../../Qt5.3.2/5.3/clang_64/mkspecs/modules/qt_lib_bluetooth_private.pri; sourceTree = "<absolute>"; };
		7A46863C44CD52632ED75CF3 /* qt_lib_openglextensions.pri */ = {isa = PBXFileReference; lastKnownFileType = file; name = qt_lib_openglextensions.pri; path = ../../../Qt5.3.2/5.3/clang_64/mkspecs/modules/qt_lib_openglextensions.pri; sourceTree = "<absolute>"; };
		7D2A6B8F2DF1A3D15D304D52 /* qt_lib_webkit_private.pri */ = {isa = PBXFileReference; lastKnownFileType = file; name = qt_lib_webkit_private.pri; path = ../../../Qt5.3.2/5.3/clang_64/mkspecs/modules/qt_lib_webkit_private.pri; sourceTree = "<absolute>"; };
		7D55A31CDF682F279FB62437 /* CMainWindow.h */ = {isa = PBXFileReference; lastKnownFileType = sourcecode.c.h; path = CMainWindow.h; sourceTree = "<absolute>"; };
		7E150CEACA64E912D79A293D /* qt_lib_dbus_private.pri */ = {isa = PBXFileReference; lastKnownFileType = file; name = qt_lib_dbus_private.pri; path = ../../../Qt5.3.2/5.3/clang_64/mkspecs/modules/qt_lib_dbus_private.pri; sourceTree = "<absolute>"; };
		87215ECFC80730ECEF03A015 /* qt_lib_declarative_private.pri */ = {isa = PBXFileReference; lastKnownFileType = file; name = qt_lib_declarative_private.pri; path = ../../../Qt5.3.2/5.3/clang_64/mkspecs/modules/qt_lib_declarative_private.pri; sourceTree = "<absolute>"; };
		8AF8B98F063AACEE2590A9EC /* qt_lib_svg.pri */ = {isa = PBXFileReference; lastKnownFileType = file; name = qt_lib_svg.pri; path = ../../../Qt5.3.2/5.3/clang_64/mkspecs/modules/qt_lib_svg.pri; sourceTree = "<absolute>"; };
		8D9815BDB5BD9F90D2BC05C5 /* AGL.framework */ = {isa = PBXFileReference; lastKnownFileType = wrapper.framework; name = AGL.framework; path = /System/Library/Frameworks/AGL.framework; sourceTree = "<absolute>"; };
		8DAB25C9520BBD7EC4BF5166 /* qt_lib_macextras_private.pri */ = {isa = PBXFileReference; lastKnownFileType = file; name = qt_lib_macextras_private.pri; path = ../../../Qt5.3.2/5.3/clang_64/mkspecs/modules/qt_lib_macextras_private.pri; sourceTree = "<absolute>"; };
		8E14B09DED5AE7BF5B375D91 /* qt_lib_clucene_private.pri */ = {isa = PBXFileReference; lastKnownFileType = file; name = qt_lib_clucene_private.pri; path = ../../../Qt5.3.2/5.3/clang_64/mkspecs/modules/qt_lib_clucene_private.pri; sourceTree = "<absolute>"; };
		911C62DD50AF71AE9D66F069 /* qt_lib_sql.pri */ = {isa = PBXFileReference; lastKnownFileType = file; name = qt_lib_sql.pri; path = ../../../Qt5.3.2/5.3/clang_64/mkspecs/modules/qt_lib_sql.pri; sourceTree = "<absolute>"; };
		9146E0711BCFB17910DD3FF7 /* qt_lib_quickwidgets_private.pri */ = {isa = PBXFileReference; lastKnownFileType = file; name = qt_lib_quickwidgets_private.pri; path = ../../../Qt5.3.2/5.3/clang_64/mkspecs/modules/qt_lib_quickwidgets_private.pri; sourceTree = "<absolute>"; };
		92E0738D48D5F9F958074252 /* CDailyWeatherView.h */ = {isa = PBXFileReference; lastKnownFileType = sourcecode.c.h; path = CDailyWeatherView.h; sourceTree = "<absolute>"; };
		9A4488EFF1830E805B768670 /* qt_lib_concurrent.pri */ = {isa = PBXFileReference; lastKnownFileType = file; name = qt_lib_concurrent.pri; path = ../../../Qt5.3.2/5.3/clang_64/mkspecs/modules/qt_lib_concurrent.pri; sourceTree = "<absolute>"; };
		A373A0B5796EE76B39602FD3 /* qt_lib_positioning.pri */ = {isa = PBXFileReference; lastKnownFileType = file; name = qt_lib_positioning.pri; path = ../../../Qt5.3.2/5.3/clang_64/mkspecs/modules/qt_lib_positioning.pri; sourceTree = "<absolute>"; };
		A5AF5794A565A88CD09987B9 /* qt_lib_script_private.pri */ = {isa = PBXFileReference; lastKnownFileType = file; name = qt_lib_script_private.pri; path = ../../../Qt5.3.2/5.3/clang_64/mkspecs/modules/qt_lib_script_private.pri; sourceTree = "<absolute>"; };
		A9D7F820FD3BF4ACEA9E4F18 /* qt_lib_designer.pri */ = {isa = PBXFileReference; lastKnownFileType = file; name = qt_lib_designer.pri; path = ../../../Qt5.3.2/5.3/clang_64/mkspecs/modules/qt_lib_designer.pri; sourceTree = "<absolute>"; };
		AB1A0B9D2161C33211AD90EA /* qt_lib_webkitwidgets_private.pri */ = {isa = PBXFileReference; lastKnownFileType = file; name = qt_lib_webkitwidgets_private.pri; path = ../../../Qt5.3.2/5.3/clang_64/mkspecs/modules/qt_lib_webkitwidgets_private.pri; sourceTree = "<absolute>"; };
		ABA860786697D27AD48A9DF1 /* qt_lib_nfc.pri */ = {isa = PBXFileReference; lastKnownFileType = file; name = qt_lib_nfc.pri; path = ../../../Qt5.3.2/5.3/clang_64/mkspecs/modules/qt_lib_nfc.pri; sourceTree = "<absolute>"; };
		AC267BE055EB0F4B7029F418 /* qt_lib_quick_private.pri */ = {isa = PBXFileReference; lastKnownFileType = file; name = qt_lib_quick_private.pri; path = ../../../Qt5.3.2/5.3/clang_64/mkspecs/modules/qt_lib_quick_private.pri; sourceTree = "<absolute>"; };
		AC30094F979AABC991142617 /* qt_lib_sql_private.pri */ = {isa = PBXFileReference; lastKnownFileType = file; name = qt_lib_sql_private.pri; path = ../../../Qt5.3.2/5.3/clang_64/mkspecs/modules/qt_lib_sql_private.pri; sourceTree = "<absolute>"; };
		B46694BB4C59D586B2374393 /* qmake.conf */ = {isa = PBXFileReference; lastKnownFileType = file; name = qmake.conf; path = "../../../Qt5.3.2/5.3/clang_64/mkspecs/macx-clang/qmake.conf"; sourceTree = "<absolute>"; };
		B60A5A328D50B94CAB593D17 /* CXMLParser.h */ = {isa = PBXFileReference; lastKnownFileType = sourcecode.c.h; path = CXMLParser.h; sourceTree = "<absolute>"; };
		B6F9B2630C601945ADB1462D /* qt_lib_concurrent_private.pri */ = {isa = PBXFileReference; lastKnownFileType = file; name = qt_lib_concurrent_private.pri; path = ../../../Qt5.3.2/5.3/clang_64/mkspecs/modules/qt_lib_concurrent_private.pri; sourceTree = "<absolute>"; };
		B9E6D9DCAAE99EB0146B93D4 /* qt_lib_qmltest.pri */ = {isa = PBXFileReference; lastKnownFileType = file; name = qt_lib_qmltest.pri; path = ../../../Qt5.3.2/5.3/clang_64/mkspecs/modules/qt_lib_qmltest.pri; sourceTree = "<absolute>"; };
		BC3FA1359EF9B9E2C37C8C0A /* qt_lib_testlib.pri */ = {isa = PBXFileReference; lastKnownFileType = file; name = qt_lib_testlib.pri; path = ../../../Qt5.3.2/5.3/clang_64/mkspecs/modules/qt_lib_testlib.pri; sourceTree = "<absolute>"; };
		BD86D1CC15D854B550A951E5 /* qt_lib_webkit.pri */ = {isa = PBXFileReference; lastKnownFileType = file; name = qt_lib_webkit.pri; path = ../../../Qt5.3.2/5.3/clang_64/mkspecs/modules/qt_lib_webkit.pri; sourceTree = "<absolute>"; };
		C20F5516513E4C2DB373B6EA /* qt_lib_multimedia_private.pri */ = {isa = PBXFileReference; lastKnownFileType = file; name = qt_lib_multimedia_private.pri; path = ../../../Qt5.3.2/5.3/clang_64/mkspecs/modules/qt_lib_multimedia_private.pri; sourceTree = "<absolute>"; };
		C50442B1FB616EB125A7F9A0 /* qt_lib_dbus.pri */ = {isa = PBXFileReference; lastKnownFileType = file; name = qt_lib_dbus.pri; path = ../../../Qt5.3.2/5.3/clang_64/mkspecs/modules/qt_lib_dbus.pri; sourceTree = "<absolute>"; };
		C8B6953788983443CF77C66F /* qt_lib_platformsupport_private.pri */ = {isa = PBXFileReference; lastKnownFileType = file; name = qt_lib_platformsupport_private.pri; path = ../../../Qt5.3.2/5.3/clang_64/mkspecs/modules/qt_lib_platformsupport_private.pri; sourceTree = "<absolute>"; };
		C93F033138CF250BEAA906DF /* qt_lib_designer_private.pri */ = {isa = PBXFileReference; lastKnownFileType = file; name = qt_lib_designer_private.pri; path = ../../../Qt5.3.2/5.3/clang_64/mkspecs/modules/qt_lib_designer_private.pri; sourceTree = "<absolute>"; };
		CA66E871929802F1B7DE123E /* CDailyWeatherModel.h */ = {isa = PBXFileReference; lastKnownFileType = sourcecode.c.h; path = CDailyWeatherModel.h; sourceTree = "<absolute>"; };
		CC6BF23DB6AFBC624479D81B /* qt_lib_macextras.pri */ = {isa = PBXFileReference; lastKnownFileType = file; name = qt_lib_macextras.pri; path = ../../../Qt5.3.2/5.3/clang_64/mkspecs/modules/qt_lib_macextras.pri; sourceTree = "<absolute>"; };
		CCB3A49B48564C9C38C9B9D0 /* qt_lib_enginio.pri */ = {isa = PBXFileReference; lastKnownFileType = file; name = qt_lib_enginio.pri; path = ../../../Qt5.3.2/5.3/clang_64/mkspecs/modules/qt_lib_enginio.pri; sourceTree = "<absolute>"; };
		CE554B69EA225AC3DD49EC68 /* qdevice.pri */ = {isa = PBXFileReference; lastKnownFileType = file; name = qdevice.pri; path = ../../../Qt5.3.2/5.3/clang_64/mkspecs/qdevice.pri; sourceTree = "<absolute>"; };
		D16C88E9EBBCD404726539A1 /* gcc-base.conf */ = {isa = PBXFileReference; lastKnownFileType = file; name = "gcc-base.conf"; path = "../../../Qt5.3.2/5.3/clang_64/mkspecs/common/gcc-base.conf"; sourceTree = "<absolute>"; };
		D3EB6AF2947F50064E184E97 /* qt_lib_svg_private.pri */ = {isa = PBXFileReference; lastKnownFileType = file; name = qt_lib_svg_private.pri; path = ../../../Qt5.3.2/5.3/clang_64/mkspecs/modules/qt_lib_svg_private.pri; sourceTree = "<absolute>"; };
		D4B32C2222F82AC56BADEB21 /* OpenGL.framework */ = {isa = PBXFileReference; lastKnownFileType = wrapper.framework; name = OpenGL.framework; path = /System/Library/Frameworks/OpenGL.framework; sourceTree = "<absolute>"; };
		D9CC895510301795FBC13ABA /* qt_lib_opengl_private.pri */ = {isa = PBXFileReference; lastKnownFileType = file; name = qt_lib_opengl_private.pri; path = ../../../Qt5.3.2/5.3/clang_64/mkspecs/modules/qt_lib_opengl_private.pri; sourceTree = "<absolute>"; };
		DCB612036D136E89ACC8CAC3 /* moc_CMainWindow.cpp */ = {isa = PBXFileReference; lastKnownFileType = sourcecode.cpp.cpp; name = moc_CMainWindow.cpp; path = /Users/westjour/Desktop/GUI_Repo/proj/moc_CMainWindow.cpp; sourceTree = "<absolute>"; };
		DD62063BB309123806BD9C01 /* qt_lib_multimediawidgets.pri */ = {isa = PBXFileReference; lastKnownFileType = file; name = qt_lib_multimediawidgets.pri; path = ../../../Qt5.3.2/5.3/clang_64/mkspecs/modules/qt_lib_multimediawidgets.pri; sourceTree = "<absolute>"; };
		DF1A7C6C091A8B7FAFDFDE70 /* qt_lib_widgets.pri */ = {isa = PBXFileReference; lastKnownFileType = file; name = qt_lib_widgets.pri; path = ../../../Qt5.3.2/5.3/clang_64/mkspecs/modules/qt_lib_widgets.pri; sourceTree = "<absolute>"; };
		E1500C2942B998C121785275 /* qt_lib_gui_private.pri */ = {isa = PBXFileReference; lastKnownFileType = file; name = qt_lib_gui_private.pri; path = ../../../Qt5.3.2/5.3/clang_64/mkspecs/modules/qt_lib_gui_private.pri; sourceTree = "<absolute>"; };
		E222CCB5FCAEC90CD7BAB0AA /* macx.conf */ = {isa = PBXFileReference; lastKnownFileType = file; name = macx.conf; path = ../../../Qt5.3.2/5.3/clang_64/mkspecs/common/macx.conf; sourceTree = "<absolute>"; };
		E57F2B1C78FB5F9665EC7F5B /* qt_lib_script.pri */ = {isa = PBXFileReference; lastKnownFileType = file; name = qt_lib_script.pri; path = ../../../Qt5.3.2/5.3/clang_64/mkspecs/modules/qt_lib_script.pri; sourceTree = "<absolute>"; };
		E58DC59380F7B934EE8562A8 /* XMLEditor.app */ = {isa = PBXFileReference; explicitFileType = wrapper.application; includeInIndex = 0; path = XMLEditor.app; sourceTree = BUILT_PRODUCTS_DIR; };
		E5AFDC7D9CA7DD5B8A0010C2 /* qt_lib_qtmultimediaquicktools_private.pri */ = {isa = PBXFileReference; lastKnownFileType = file; name = qt_lib_qtmultimediaquicktools_private.pri; path = ../../../Qt5.3.2/5.3/clang_64/mkspecs/modules/qt_lib_qtmultimediaquicktools_private.pri; sourceTree = "<absolute>"; };
		E6BA331C63798A6BB15CCE23 /* qt_lib_opengl.pri */ = {isa = PBXFileReference; lastKnownFileType = file; name = qt_lib_opengl.pri; path = ../../../Qt5.3.2/5.3/clang_64/mkspecs/modules/qt_lib_opengl.pri; sourceTree = "<absolute>"; };
		EC2FA2F860C967BF1866A9A4 /* qt_lib_help_private.pri */ = {isa = PBXFileReference; lastKnownFileType = file; name = qt_lib_help_private.pri; path = ../../../Qt5.3.2/5.3/clang_64/mkspecs/modules/qt_lib_help_private.pri; sourceTree = "<absolute>"; };
		EF5B57EB760C02016CBADA7D /* qt_lib_serialport.pri */ = {isa = PBXFileReference; lastKnownFileType = file; name = qt_lib_serialport.pri; path = ../../../Qt5.3.2/5.3/clang_64/mkspecs/modules/qt_lib_serialport.pri; sourceTree = "<absolute>"; };
		EF7F7B14F54C2AFB002DD38C /* CDailyWeatherView.cpp */ = {isa = PBXFileReference; lastKnownFileType = sourcecode.cpp.cpp; path = CDailyWeatherView.cpp; sourceTree = "<absolute>"; };
		F26E6C92CE8B3CB4568546A5 /* CMainWindow.cpp */ = {isa = PBXFileReference; lastKnownFileType = sourcecode.cpp.cpp; path = CMainWindow.cpp; sourceTree = "<absolute>"; };
		F40BA9920B20E12DDB590D27 /* qt_lib_enginio_private.pri */ = {isa = PBXFileReference; lastKnownFileType = file; name = qt_lib_enginio_private.pri; path = ../../../Qt5.3.2/5.3/clang_64/mkspecs/modules/qt_lib_enginio_private.pri; sourceTree = "<absolute>"; };
		F6E5AE607E8DB6CF3A61335E /* clang.conf */ = {isa = PBXFileReference; lastKnownFileType = file; name = clang.conf; path = ../../../Qt5.3.2/5.3/clang_64/mkspecs/common/clang.conf; sourceTree = "<absolute>"; };
		FBE78C7346BA1C0756902951 /* qt_lib_serialport_private.pri */ = {isa = PBXFileReference; lastKnownFileType = file; name = qt_lib_serialport_private.pri; path = ../../../Qt5.3.2/5.3/clang_64/mkspecs/modules/qt_lib_serialport_private.pri; sourceTree = "<absolute>"; };
		FE2E920A62CD6B8223A043B7 /* qt_lib_qml.pri */ = {isa = PBXFileReference; lastKnownFileType = file; name = qt_lib_qml.pri; path = ../../../Qt5.3.2/5.3/clang_64/mkspecs/modules/qt_lib_qml.pri; sourceTree = "<absolute>"; };
/* End PBXFileReference section */

/* Begin PBXFrameworksBuildPhase section */
		D1C883685E82D5676953459A /* Link Binary With Libraries */ = {
			isa = PBXFrameworksBuildPhase;
			buildActionMask = 2147483647;
			files = (
				25450DB7D868083271ABED55 /* QtWidgets.framework in Link Binary With Libraries */,
				4E3CAED4FB5805A342258087 /* QtGui.framework in Link Binary With Libraries */,
				BB0C18E0BE3111577C6F6506 /* QtCore.framework in Link Binary With Libraries */,
				16D61A7BE6EAC7D18DE34E58 /* QtXml.framework in Link Binary With Libraries */,
				8771A8C96E9C391044035D99 /* OpenGL.framework in Link Binary With Libraries */,
				E45E51A644D5FC9F942ECE55 /* AGL.framework in Link Binary With Libraries */,
			);
			name = "Link Binary With Libraries";
			runOnlyForDeploymentPostprocessing = 0;
		};
/* End PBXFrameworksBuildPhase section */

/* Begin PBXGroup section */
		0ADDF4881B7500CF95BDEDC4 /* clang_64 */ = {
			isa = PBXGroup;
			children = (
				1CFA4B08DE95791D10BFC8F6 /* mkspecs */,
			);
			name = clang_64;
			sourceTree = "<Group>";
		};
		12E908B8A1C3C07C115504F5 /* Sources [uic] */ = {
			isa = PBXGroup;
			children = (
				59342C100B758CDE10A0EA4D /* mainwindow.ui */,
			);
			name = "Sources [uic]";
			sourceTree = "<Group>";
		};
		15A777B8BE7EC5872D21B95F /* common */ = {
			isa = PBXGroup;
			children = (
				2D229BA967E5F58D5F81B9C5 /* shell-unix.conf */,
				565F1AE0597D3BE3053751A3 /* unix.conf */,
				356B8241C5D30EA5181C79C3 /* mac.conf */,
				E222CCB5FCAEC90CD7BAB0AA /* macx.conf */,
				D16C88E9EBBCD404726539A1 /* gcc-base.conf */,
				6ABDF03CAA7815D90A0C809C /* gcc-base-mac.conf */,
				F6E5AE607E8DB6CF3A61335E /* clang.conf */,
				25E02FD49BB69611209A5D2F /* clang-mac.conf */,
			);
			name = common;
			sourceTree = "<Group>";
		};
		1CFA4B08DE95791D10BFC8F6 /* mkspecs */ = {
			isa = PBXGroup;
			children = (
				CE554B69EA225AC3DD49EC68 /* qdevice.pri */,
				15A777B8BE7EC5872D21B95F /* common */,
				3D45E68BBB6C3CBD122B345B /* qconfig.pri */,
				D26D3B418F8DFFDA21C947CE /* modules */,
				6426A72F368BB33C166CFE5B /* macx-clang */,
				E688F37B0B7A1BC5C89FA29F /* macx-xcode */,
			);
			name = mkspecs;
			sourceTree = "<Group>";
		};
		25B08E2869634E9BCBA333A2 /* Generated Sources */ = {
			isa = PBXGroup;
			children = (
				28D43F941E362B391F79A060 /* moc_CDailyWeatherModel.cpp */,
				2CF11537E6046E65834A3425 /* moc_CDailyWeatherView.cpp */,
				DCB612036D136E89ACC8CAC3 /* moc_CMainWindow.cpp */,
				14C9776A4B2E34DB51106724 /* ui_mainwindow.h */,
			);
			name = "Generated Sources";
			sourceTree = "<Group>";
		};
		2EB56BE3C2D93CDAB0C52E67 /* Sources */ = {
			isa = PBXGroup;
			children = (
				682A50D19E416195436708E4 /* main.cpp */,
				1C5D03CADA9C9046C7195AD7 /* CDailyWeatherModel.cpp */,
				EF7F7B14F54C2AFB002DD38C /* CDailyWeatherView.cpp */,
				F26E6C92CE8B3CB4568546A5 /* CMainWindow.cpp */,
				393B5CE8D3BCE90CCBC751BD /* CStation.cpp */,
				14BBBC027744E753CA279113 /* CXMLParser.cpp */,
				CA66E871929802F1B7DE123E /* CDailyWeatherModel.h */,
				92E0738D48D5F9F958074252 /* CDailyWeatherView.h */,
				7D55A31CDF682F279FB62437 /* CMainWindow.h */,
				37BBEF775C693ADDD49563CD /* CStation.h */,
				B60A5A328D50B94CAB593D17 /* CXMLParser.h */,
				56116E7719F1AAB500D06A85 /* CHourlyWeather.h */,
			);
			name = Sources;
			sourceTree = "<Group>";
		};
		35A022BA52A944E55BE8A2F8 /* .. */ = {
			isa = PBXGroup;
			children = (
				EEC2917E61EF201566DE28DF /* .. */,
			);
			name = ..;
			sourceTree = "<Group>";
		};
		6426A72F368BB33C166CFE5B /* macx-clang */ = {
			isa = PBXGroup;
			children = (
				B46694BB4C59D586B2374393 /* qmake.conf */,
			);
			name = "macx-clang";
			sourceTree = "<Group>";
		};
		74B182DB50CB5611B5C1C297 /* Supporting Files */ = {
			isa = PBXGroup;
			children = (
				217C1193EFBD435418AA24E3 /* XMLEditor.pro */,
				A3E1AA9917EC82D3446C262A /* .. */,
			);
			name = "Supporting Files";
			sourceTree = "<Group>";
		};
		75AC601D9780D09D5A000DB6 /* 5.3 */ = {
			isa = PBXGroup;
			children = (
				0ADDF4881B7500CF95BDEDC4 /* clang_64 */,
			);
			name = 5.3;
			sourceTree = "<Group>";
		};
		98417016E9B677D1155D992C /* Qt5.3.2 */ = {
			isa = PBXGroup;
			children = (
				75AC601D9780D09D5A000DB6 /* 5.3 */,
			);
			name = Qt5.3.2;
			sourceTree = "<Group>";
		};
		A3E1AA9917EC82D3446C262A /* .. */ = {
			isa = PBXGroup;
			children = (
				35A022BA52A944E55BE8A2F8 /* .. */,
			);
			name = ..;
			sourceTree = "<Group>";
		};
		AF39DD055C3EF8226FBE929D /* Frameworks */ = {
			isa = PBXGroup;
			children = (
				216827D014B70BBD74D71E0E /* QtWidgets.framework */,
				4936C5FC0EF6C5A862FDA934 /* QtGui.framework */,
				0A96879D098723A01097C93A /* QtCore.framework */,
				0B3C25170963FC3686C6B3A7 /* QtXml.framework */,
				D4B32C2222F82AC56BADEB21 /* OpenGL.framework */,
				8D9815BDB5BD9F90D2BC05C5 /* AGL.framework */,
			);
			name = Frameworks;
			sourceTree = "<Group>";
		};
		D26D3B418F8DFFDA21C947CE /* modules */ = {
			isa = PBXGroup;
			children = (
				0D283407C0930A5AED75C2C2 /* qt_lib_bluetooth.pri */,
				780FB54BE3FED56DF3869DD6 /* qt_lib_bluetooth_private.pri */,
				6F6732546A9F7BE1EB08AE4C /* qt_lib_bootstrap_private.pri */,
				8E14B09DED5AE7BF5B375D91 /* qt_lib_clucene_private.pri */,
				9A4488EFF1830E805B768670 /* qt_lib_concurrent.pri */,
				B6F9B2630C601945ADB1462D /* qt_lib_concurrent_private.pri */,
				3C318DE92A6BCE97D5724F2C /* qt_lib_core.pri */,
				0273BC0BE663C4DDFA96F768 /* qt_lib_core_private.pri */,
				C50442B1FB616EB125A7F9A0 /* qt_lib_dbus.pri */,
				7E150CEACA64E912D79A293D /* qt_lib_dbus_private.pri */,
				1407EEECBE29485E7D904097 /* qt_lib_declarative.pri */,
				87215ECFC80730ECEF03A015 /* qt_lib_declarative_private.pri */,
				A9D7F820FD3BF4ACEA9E4F18 /* qt_lib_designer.pri */,
				C93F033138CF250BEAA906DF /* qt_lib_designer_private.pri */,
				30C529939504C5A92D9B4862 /* qt_lib_designercomponents_private.pri */,
				CCB3A49B48564C9C38C9B9D0 /* qt_lib_enginio.pri */,
				F40BA9920B20E12DDB590D27 /* qt_lib_enginio_private.pri */,
				2543E2847376E9ECBDB1C08E /* qt_lib_gui.pri */,
				E1500C2942B998C121785275 /* qt_lib_gui_private.pri */,
				24EA90706EA164C1A6717A34 /* qt_lib_help.pri */,
				EC2FA2F860C967BF1866A9A4 /* qt_lib_help_private.pri */,
				CC6BF23DB6AFBC624479D81B /* qt_lib_macextras.pri */,
				8DAB25C9520BBD7EC4BF5166 /* qt_lib_macextras_private.pri */,
				723C10943373A4CD746D8321 /* qt_lib_multimedia.pri */,
				C20F5516513E4C2DB373B6EA /* qt_lib_multimedia_private.pri */,
				DD62063BB309123806BD9C01 /* qt_lib_multimediawidgets.pri */,
				1790F14EBA0A3A1A695F0625 /* qt_lib_multimediawidgets_private.pri */,
				1B860945BB9CAC9ABE16CAB6 /* qt_lib_network.pri */,
				5E36CD8A8B0E4C1EA2797640 /* qt_lib_network_private.pri */,
				ABA860786697D27AD48A9DF1 /* qt_lib_nfc.pri */,
				27766751DB918F57B9DDF380 /* qt_lib_nfc_private.pri */,
				E6BA331C63798A6BB15CCE23 /* qt_lib_opengl.pri */,
				D9CC895510301795FBC13ABA /* qt_lib_opengl_private.pri */,
				7A46863C44CD52632ED75CF3 /* qt_lib_openglextensions.pri */,
				736F516BF9FF271306D3AF51 /* qt_lib_openglextensions_private.pri */,
				C8B6953788983443CF77C66F /* qt_lib_platformsupport_private.pri */,
				A373A0B5796EE76B39602FD3 /* qt_lib_positioning.pri */,
				23301A9E5C60D34CB2CAB72E /* qt_lib_positioning_private.pri */,
				54F5F191E541811663808894 /* qt_lib_printsupport.pri */,
				56AAA5ABE4CCE1FC1BFB53E4 /* qt_lib_printsupport_private.pri */,
				FE2E920A62CD6B8223A043B7 /* qt_lib_qml.pri */,
				354A03ABF4B89665F2E4D864 /* qt_lib_qml_private.pri */,
				0D60B50BED0919FA00B5E82D /* qt_lib_qmldevtools_private.pri */,
				B9E6D9DCAAE99EB0146B93D4 /* qt_lib_qmltest.pri */,
				1FD5668B51CCA0396ECB1F59 /* qt_lib_qmltest_private.pri */,
				E5AFDC7D9CA7DD5B8A0010C2 /* qt_lib_qtmultimediaquicktools_private.pri */,
				3AAED81D9FCC81C6A80D1479 /* qt_lib_quick.pri */,
				AC267BE055EB0F4B7029F418 /* qt_lib_quick_private.pri */,
				4D64EC62868BEDD2D525E9B5 /* qt_lib_quickparticles_private.pri */,
				29D2079B2EDACDED2D8EFAFE /* qt_lib_quickwidgets.pri */,
				9146E0711BCFB17910DD3FF7 /* qt_lib_quickwidgets_private.pri */,
				E57F2B1C78FB5F9665EC7F5B /* qt_lib_script.pri */,
				A5AF5794A565A88CD09987B9 /* qt_lib_script_private.pri */,
				727C914CD45861FFC93FFE81 /* qt_lib_scripttools.pri */,
				2E7F008A77D3B77327460D04 /* qt_lib_scripttools_private.pri */,
				2DBA70E336F777BF3C17A588 /* qt_lib_sensors.pri */,
				370AD8ED477E9C07B412D2B0 /* qt_lib_sensors_private.pri */,
				EF5B57EB760C02016CBADA7D /* qt_lib_serialport.pri */,
				FBE78C7346BA1C0756902951 /* qt_lib_serialport_private.pri */,
				911C62DD50AF71AE9D66F069 /* qt_lib_sql.pri */,
				AC30094F979AABC991142617 /* qt_lib_sql_private.pri */,
				8AF8B98F063AACEE2590A9EC /* qt_lib_svg.pri */,
				D3EB6AF2947F50064E184E97 /* qt_lib_svg_private.pri */,
				BC3FA1359EF9B9E2C37C8C0A /* qt_lib_testlib.pri */,
				129C1B4C4AB39332A448AC46 /* qt_lib_testlib_private.pri */,
				243E2FA6AF1F4C9DD2985B73 /* qt_lib_uitools.pri */,
				6164E9817D25C55FA310A1C3 /* qt_lib_uitools_private.pri */,
				BD86D1CC15D854B550A951E5 /* qt_lib_webkit.pri */,
				7D2A6B8F2DF1A3D15D304D52 /* qt_lib_webkit_private.pri */,
				76276C1A28F572A0CAAD9265 /* qt_lib_webkitwidgets.pri */,
				AB1A0B9D2161C33211AD90EA /* qt_lib_webkitwidgets_private.pri */,
				33FC3B17C9CCC0698D1699F2 /* qt_lib_websockets.pri */,
				3BB49AF2CB8A89961D3437DC /* qt_lib_websockets_private.pri */,
				DF1A7C6C091A8B7FAFDFDE70 /* qt_lib_widgets.pri */,
				6C797E53906CB6174FB2F521 /* qt_lib_widgets_private.pri */,
				08EAB63874638DF9A230CC12 /* qt_lib_xml.pri */,
				13A39981C9BEB01A31FA84AF /* qt_lib_xml_private.pri */,
				46FBE41A8FB5C6D4A63C8E1C /* qt_lib_xmlpatterns.pri */,
				6F8EEF199C8BC6C88F8241E5 /* qt_lib_xmlpatterns_private.pri */,
			);
			name = modules;
			sourceTree = "<Group>";
		};
		E688F37B0B7A1BC5C89FA29F /* macx-xcode */ = {
			isa = PBXGroup;
			children = (
				710CC14E139B03A616ECC820 /* qmake.conf */,
			);
			name = "macx-xcode";
			sourceTree = "<Group>";
		};
		E8C543AB96796ECAA2E65C57 /* XMLEditor */ = {
			isa = PBXGroup;
			children = (
				2EB56BE3C2D93CDAB0C52E67 /* Sources */,
				25B08E2869634E9BCBA333A2 /* Generated Sources */,
				74B182DB50CB5611B5C1C297 /* Supporting Files */,
				12E908B8A1C3C07C115504F5 /* Sources [uic] */,
				AF39DD055C3EF8226FBE929D /* Frameworks */,
				FE0A091FDBFB3E9C31B7A1BD /* Products */,
			);
			name = XMLEditor;
			sourceTree = "<Group>";
		};
		EEC2917E61EF201566DE28DF /* .. */ = {
			isa = PBXGroup;
			children = (
				98417016E9B677D1155D992C /* Qt5.3.2 */,
				18B4E6CF757F5C3CDD54DDEC /* .qmake.stash */,
			);
			name = ..;
			sourceTree = "<Group>";
		};
		FE0A091FDBFB3E9C31B7A1BD /* Products */ = {
			isa = PBXGroup;
			children = (
				E58DC59380F7B934EE8562A8 /* XMLEditor.app */,
			);
			name = Products;
			sourceTree = "<Group>";
		};
/* End PBXGroup section */

/* Begin PBXNativeTarget section */
		66D010DECA106038CFD5E5EF /* XMLEditor */ = {
			isa = PBXNativeTarget;
			buildConfigurationList = 6CC3B5D2136C7CD6A5CF5A59 /* Build configuration list for PBXNativeTarget "XMLEditor" */;
			buildPhases = (
				F7E50F631C51CD5B5DC0BC43 /* Compile Sources */,
				D1C883685E82D5676953459A /* Link Binary With Libraries */,
			);
			buildRules = (
			);
			dependencies = (
				F86E05C107B86A16D2A48FCC /* PBXTargetDependency */,
			);
			name = XMLEditor;
			productName = XMLEditor;
			productReference = E58DC59380F7B934EE8562A8 /* XMLEditor.app */;
			productType = "com.apple.product-type.application";
		};
/* End PBXNativeTarget section */

/* Begin PBXProject section */
		6DB9C3763D02B1415CD9D565 /* Project object */ = {
			isa = PBXProject;
			attributes = {
				LastUpgradeCheck = 0510;
			};
			buildConfigurationList = DAC4C1AA5EDEA1C85E9CA5E6 /* Build configuration list for PBXProject "XMLEditor" */;
			compatibilityVersion = "Xcode 3.2";
			developmentRegion = English;
			hasScannedForEncodings = 1;
			knownRegions = (
				en,
			);
			mainGroup = E8C543AB96796ECAA2E65C57 /* XMLEditor */;
			productRefGroup = FE0A091FDBFB3E9C31B7A1BD /* Products */;
			projectDirPath = "";
			projectRoot = "";
			targets = (
				66D010DECA106038CFD5E5EF /* XMLEditor */,
				B065C007C8DAD32E2A4D8AA4 /* Qt Preprocess */,
			);
		};
/* End PBXProject section */

/* Begin PBXShellScriptBuildPhase section */
		5E618435888B9D49F8540165 /* Qt Qmake */ = {
			isa = PBXShellScriptBuildPhase;
			buildActionMask = 2147483647;
			files = (
			);
			name = "Qt Qmake";
			runOnlyForDeploymentPostprocessing = 0;
			shellPath = /bin/sh;
			shellScript = "make -C /Users/westjour/Desktop/GUI_Repo/proj -f XMLEditor.xcodeproj/qt_makeqmake.mak";
		};
		7EF0942E79C014DCEC8976BC /* Qt Preprocessors */ = {
			isa = PBXShellScriptBuildPhase;
			buildActionMask = 2147483647;
			files = (
			);
			name = "Qt Preprocessors";
			runOnlyForDeploymentPostprocessing = 0;
			shellPath = /bin/sh;
			shellScript = "make -C /Users/westjour/Desktop/GUI_Repo/proj -f XMLEditor.xcodeproj/qt_preprocess.mak";
		};
/* End PBXShellScriptBuildPhase section */

/* Begin PBXSourcesBuildPhase section */
		F7E50F631C51CD5B5DC0BC43 /* Compile Sources */ = {
			isa = PBXSourcesBuildPhase;
			buildActionMask = 2147483647;
			files = (
				2D367B399AA57F7319FEA1FA /* main.cpp in Compile Sources */,
				D24685D280F516B05C24C44E /* CDailyWeatherModel.cpp in Compile Sources */,
				E676D4EB4B6FBB7129C3C4E6 /* CDailyWeatherView.cpp in Compile Sources */,
				49058BA94FC6A326618DB061 /* CMainWindow.cpp in Compile Sources */,
				B3CF9240B62B94B17484ECCD /* CStation.cpp in Compile Sources */,
				C196F2D85DD169818853FAA2 /* CXMLParser.cpp in Compile Sources */,
				B10B4D7298B5E160396E8E8B /* moc_CDailyWeatherModel.cpp in Compile Sources */,
				8EF3ACCA0396840C799875EB /* moc_CDailyWeatherView.cpp in Compile Sources */,
				626A71DAA3D899DFEC358778 /* moc_CMainWindow.cpp in Compile Sources */,
			);
			name = "Compile Sources";
			runOnlyForDeploymentPostprocessing = 0;
		};
/* End PBXSourcesBuildPhase section */

/* Begin PBXTargetDependency section */
		F86E05C107B86A16D2A48FCC /* PBXTargetDependency */ = {
			isa = PBXTargetDependency;
			target = B065C007C8DAD32E2A4D8AA4 /* Qt Preprocess */;
			targetProxy = 56A5695119D04C2000C05E3D /* PBXContainerItemProxy */;
		};
/* End PBXTargetDependency section */

/* Begin XCBuildConfiguration section */
		339EE1B2CC4FC24589A0EA95 /* Release */ = {
			isa = XCBuildConfiguration;
			buildSettings = {
				CC = /Applications/Xcode.app/Contents/Developer/Toolchains/XcodeDefault.xctoolchain/usr/bin/clang;
				CLANG_WARN_BOOL_CONVERSION = YES;
				CLANG_WARN_CONSTANT_CONVERSION = YES;
				CLANG_WARN_EMPTY_BODY = YES;
				CLANG_WARN_ENUM_CONVERSION = YES;
				CLANG_WARN_INT_CONVERSION = YES;
				CLANG_WARN__DUPLICATE_METHOD_MATCH = YES;
				COPY_PHASE_STRIP = YES;
				DYLIB_COMPATIBILITY_VERSION = 1.0;
				DYLIB_CURRENT_VERSION = 1.0.0;
				FRAMEWORK_SEARCH_PATHS = (
					/Users/westjour/Qt5.3.2/5.3/clang_64/lib,
					/Users/westjour/Qt5.3.2/5.3/clang_64/lib,
				);
				GCC_GENERATE_DEBUGGING_SYMBOLS = YES;
				GCC_VERSION = com.apple.compilers.llvm.clang.1_0;
				GCC_WARN_64_TO_32_BIT_CONVERSION = YES;
				GCC_WARN_ABOUT_RETURN_TYPE = YES;
				GCC_WARN_UNDECLARED_SELECTOR = YES;
				GCC_WARN_UNINITIALIZED_AUTOS = YES;
				GCC_WARN_UNUSED_FUNCTION = YES;
				GCC_WARN_UNUSED_VARIABLE = YES;
				HEADER_SEARCH_PATHS = (
					../../../Qt5.3.2/5.3/clang_64/lib/QtWidgets.framework/Versions/5/Headers,
					../../../Qt5.3.2/5.3/clang_64/lib/QtXml.framework/Versions/5/Headers,
					../../../Qt5.3.2/5.3/clang_64/lib/QtGui.framework/Versions/5/Headers,
					../../../Qt5.3.2/5.3/clang_64/lib/QtCore.framework/Versions/5/Headers,
					.,
					/Applications/Xcode.app/Contents/Developer/Platforms/MacOSX.platform/Developer/SDKs/MacOSX10.8.sdk/System/Library/Frameworks/OpenGL.framework/Versions/A/Headers,
					/Applications/Xcode.app/Contents/Developer/Platforms/MacOSX.platform/Developer/SDKs/MacOSX10.8.sdk/System/Library/Frameworks/AGL.framework/Headers,
					.,
					"../../../Qt5.3.2/5.3/clang_64/mkspecs/macx-clang",
				);
				INFOPLIST_FILE = Info.plist;
				LDPLUSPLUS = "/Applications/Xcode.app/Contents/Developer/Toolchains/XcodeDefault.xctoolchain/usr/bin/clang++";
				LIBRARY_SEARCH_PATHS = (
					/Users/westjour/Qt5.3.2/5.3/clang_64/lib,
					/System/Library/Frameworks/,
				);
				MACOSX_DEPLOYMENT_TARGET = 10.6;
				OTHER_CFLAGS = (
					"-pipe",
					"-O2",
					"-Wall",
					"-W",
					"-fPIE",
					"-DQT_NO_DEBUG",
					"-DQT_WIDGETS_LIB",
					"-DQT_XML_LIB",
					"-DQT_GUI_LIB",
					"-DQT_CORE_LIB",
				);
				OTHER_CPLUSPLUSFLAGS = (
					"-pipe",
					"-O0",
					"-Wall",
					"-W",
					"-fPIE",
					"-DQT_NO_DEBUG",
					"-DQT_WIDGETS_LIB",
					"-DQT_XML_LIB",
					"-DQT_GUI_LIB",
					"-DQT_CORE_LIB",
				);
				OTHER_LDFLAGS = (
					"-headerpad_max_install_names",
					"-F/Users/westjour/Qt5.3.2/5.3/clang_64/lib",
				);
				PRODUCT_NAME = XMLEditor;
				QT_LIBRARY_SUFFIX = "";
				SDKROOT = macosx;
				SYMROOT = /Users/westjour/Desktop/GUI_Repo/proj;
			};
			name = Release;
		};
		3AA6C32AC930069E80220CF1 /* Debug */ = {
			isa = XCBuildConfiguration;
			buildSettings = {
				CC = /Applications/Xcode.app/Contents/Developer/Toolchains/XcodeDefault.xctoolchain/usr/bin/clang;
				CLANG_WARN_BOOL_CONVERSION = YES;
				CLANG_WARN_CONSTANT_CONVERSION = YES;
				CLANG_WARN_EMPTY_BODY = YES;
				CLANG_WARN_ENUM_CONVERSION = YES;
				CLANG_WARN_INT_CONVERSION = YES;
				CLANG_WARN__DUPLICATE_METHOD_MATCH = YES;
				COPY_PHASE_STRIP = NO;
				DYLIB_COMPATIBILITY_VERSION = 1.0;
				DYLIB_CURRENT_VERSION = 1.0.0;
				FRAMEWORK_SEARCH_PATHS = (
					/Users/westjour/Qt5.3.2/5.3/clang_64/lib,
					/Users/westjour/Qt5.3.2/5.3/clang_64/lib,
				);
				GCC_GENERATE_DEBUGGING_SYMBOLS = YES;
				GCC_OPTIMIZATION_LEVEL = 0;
				GCC_VERSION = com.apple.compilers.llvm.clang.1_0;
				GCC_WARN_64_TO_32_BIT_CONVERSION = YES;
				GCC_WARN_ABOUT_RETURN_TYPE = YES;
				GCC_WARN_UNDECLARED_SELECTOR = YES;
				GCC_WARN_UNINITIALIZED_AUTOS = YES;
				GCC_WARN_UNUSED_FUNCTION = YES;
				GCC_WARN_UNUSED_VARIABLE = YES;
				HEADER_SEARCH_PATHS = (
					../../../Qt5.3.2/5.3/clang_64/lib/QtWidgets.framework/Versions/5/Headers,
					../../../Qt5.3.2/5.3/clang_64/lib/QtXml.framework/Versions/5/Headers,
					../../../Qt5.3.2/5.3/clang_64/lib/QtGui.framework/Versions/5/Headers,
					../../../Qt5.3.2/5.3/clang_64/lib/QtCore.framework/Versions/5/Headers,
					.,
					/Applications/Xcode.app/Contents/Developer/Platforms/MacOSX.platform/Developer/SDKs/MacOSX10.8.sdk/System/Library/Frameworks/OpenGL.framework/Versions/A/Headers,
					/Applications/Xcode.app/Contents/Developer/Platforms/MacOSX.platform/Developer/SDKs/MacOSX10.8.sdk/System/Library/Frameworks/AGL.framework/Headers,
					.,
					"../../../Qt5.3.2/5.3/clang_64/mkspecs/macx-clang",
				);
				INFOPLIST_FILE = Info.plist;
				LDPLUSPLUS = "/Applications/Xcode.app/Contents/Developer/Toolchains/XcodeDefault.xctoolchain/usr/bin/clang++";
				LIBRARY_SEARCH_PATHS = (
					/Users/westjour/Qt5.3.2/5.3/clang_64/lib,
					/System/Library/Frameworks/,
				);
				MACOSX_DEPLOYMENT_TARGET = 10.6;
				ONLY_ACTIVE_ARCH = YES;
				OTHER_CFLAGS = (
					"-pipe",
					"-O2",
					"-Wall",
					"-W",
					"-fPIE",
					"-DQT_NO_DEBUG",
					"-DQT_WIDGETS_LIB",
					"-DQT_XML_LIB",
					"-DQT_GUI_LIB",
					"-DQT_CORE_LIB",
				);
				OTHER_CPLUSPLUSFLAGS = (
					"-pipe",
					"-O0",
					"-Wall",
					"-W",
					"-fPIE",
					"-DQT_NO_DEBUG",
					"-DQT_WIDGETS_LIB",
					"-DQT_XML_LIB",
					"-DQT_GUI_LIB",
					"-DQT_CORE_LIB",
				);
				OTHER_LDFLAGS = (
					"-headerpad_max_install_names",
					"-F/Users/westjour/Qt5.3.2/5.3/clang_64/lib",
				);
				PRODUCT_NAME = XMLEditor;
				QT_LIBRARY_SUFFIX = _debug;
				SDKROOT = macosx;
				SYMROOT = /Users/westjour/Desktop/GUI_Repo/proj;
			};
			name = Debug;
		};
		6666AA5E688052234F6758D8 /* Release */ = {
			isa = XCBuildConfiguration;
			buildSettings = {
				COMBINE_HIDPI_IMAGES = YES;
				COPY_PHASE_STRIP = NO;
				GCC_GENERATE_DEBUGGING_SYMBOLS = YES;
				OTHER_CFLAGS = (
					"-pipe",
					"-O0",
					"-Wall",
					"-W",
					"-fPIE",
					"-DQT_NO_DEBUG",
					"-DQT_WIDGETS_LIB",
					"-DQT_XML_LIB",
					"-DQT_GUI_LIB",
					"-DQT_CORE_LIB",
				);
				OTHER_CPLUSPLUSFLAGS = (
					"-pipe",
					"-O0",
					"-Wall",
					"-W",
					"-fPIE",
					"-DQT_NO_DEBUG",
					"-DQT_WIDGETS_LIB",
					"-DQT_XML_LIB",
					"-DQT_GUI_LIB",
					"-DQT_CORE_LIB",
				);
				PRODUCT_NAME = XMLEditor;
				QT_LIBRARY_SUFFIX = "";
				SDKROOT = macosx;
			};
			name = Release;
		};
		77418F46922677BB04ED38DD /* Debug */ = {
			isa = XCBuildConfiguration;
			buildSettings = {
				COMBINE_HIDPI_IMAGES = YES;
				COPY_PHASE_STRIP = NO;
				GCC_GENERATE_DEBUGGING_SYMBOLS = YES;
				GCC_OPTIMIZATION_LEVEL = 0;
				OTHER_CFLAGS = (
					"-pipe",
					"-O0",
					"-Wall",
					"-W",
					"-fPIE",
					"-DQT_NO_DEBUG",
					"-DQT_WIDGETS_LIB",
					"-DQT_XML_LIB",
					"-DQT_GUI_LIB",
					"-DQT_CORE_LIB",
				);
				OTHER_CPLUSPLUSFLAGS = (
					"-pipe",
					"-O0",
					"-Wall",
					"-W",
					"-fPIE",
					"-DQT_NO_DEBUG",
					"-DQT_WIDGETS_LIB",
					"-DQT_XML_LIB",
					"-DQT_GUI_LIB",
					"-DQT_CORE_LIB",
				);
				PRODUCT_NAME = XMLEditor;
				QT_LIBRARY_SUFFIX = _debug;
				SDKROOT = macosx;
			};
			name = Debug;
		};
/* End XCBuildConfiguration section */

/* Begin XCConfigurationList section */
		6CC3B5D2136C7CD6A5CF5A59 /* Build configuration list for PBXNativeTarget "XMLEditor" */ = {
			isa = XCConfigurationList;
			buildConfigurations = (
				77418F46922677BB04ED38DD /* Debug */,
				6666AA5E688052234F6758D8 /* Release */,
			);
			defaultConfigurationIsVisible = 0;
			defaultConfigurationName = Release;
		};
		DAC4C1AA5EDEA1C85E9CA5E6 /* Build configuration list for PBXProject "XMLEditor" */ = {
			isa = XCConfigurationList;
			buildConfigurations = (
				3AA6C32AC930069E80220CF1 /* Debug */,
				339EE1B2CC4FC24589A0EA95 /* Release */,
			);
			defaultConfigurationIsVisible = 0;
			defaultConfigurationName = Release;
		};
/* End XCConfigurationList section */
	};
	rootObject = 6DB9C3763D02B1415CD9D565 /* Project object */;
}
